
Microsoft Visual Studio Solution File, Format Version 12.00
# Visual Studio Version 16
VisualStudioVersion = 16.0.28922.388
MinimumVisualStudioVersion = 10.0.40219.1
Project("{FAE04EC0-301F-11D3-BF4B-00C04F79EFBC}") = "BinarySearchTreeAssignment", "BinarySearchTreeAssignment.csproj", "{490BD9A8-515F-433B-A8A1-B0F992BD0CA8}"
EndProject
Global
	GlobalSection(SolutionConfigurationPlatforms) = preSolution
		Debug|Any CPU = Debug|Any CPU
		Release|Any CPU = Release|Any CPU
	EndGlobalSection
	GlobalSection(ProjectConfigurationPlatforms) = postSolution
		{490BD9A8-515F-433B-A8A1-B0F992BD0CA8}.Debug|Any CPU.ActiveCfg = Debug|Any CPU
		{490BD9A8-515F-433B-A8A1-B0F992BD0CA8}.Debug|Any CPU.Build.0 = Debug|Any CPU
		{490BD9A8-515F-433B-A8A1-B0F992BD0CA8}.Release|Any CPU.ActiveCfg = Release|Any CPU
		{490BD9A8-515F-433B-A8A1-B0F992BD0CA8}.Release|Any CPU.Build.0 = Release|Any CPU
	EndGlobalSection
	GlobalSection(SolutionProperties) = preSolution
		HideSolutionNode = FALSE
	EndGlobalSection
	GlobalSection(ExtensibilityGlobals) = postSolution
		SolutionGuid = {A0C70038-58D9-4786-BD3D-F695070F9A6B}
	EndGlobalSection
EndGlobal
